
Microsoft Visual Studio Solution File, Format Version 12.00
# Visual Studio Version 17
VisualStudioVersion = 17.11.35327.3
MinimumVisualStudioVersion = 10.0.40219.1
Project("{9A19103F-16F7-4668-BE54-9A1E7A4F7556}") = "ScannerCode", "ScannerCode.csproj", "{22EC3924-52AD-4690-ADED-C6B012789290}"
EndProject
Project("{FAE04EC0-301F-11D3-BF4B-00C04F79EFBC}") = "Core", "..\Core\Core.csproj", "{5A409E43-96F7-45EE-92C5-8A1D6266E691}"
EndProject
Global
	GlobalSection(SolutionConfigurationPlatforms) = preSolution
		Debug|Any CPU = Debug|Any CPU
		Release|Any CPU = Release|Any CPU
	EndGlobalSection
	GlobalSection(ProjectConfigurationPlatforms) = postSolution
		{22EC3924-52AD-4690-ADED-C6B012789290}.Debug|Any CPU.ActiveCfg = Debug|Any CPU
		{22EC3924-52AD-4690-ADED-C6B012789290}.Debug|Any CPU.Build.0 = Debug|Any CPU
		{22EC3924-52AD-4690-ADED-C6B012789290}.Release|Any CPU.ActiveCfg = Release|Any CPU
		{22EC3924-52AD-4690-ADED-C6B012789290}.Release|Any CPU.Build.0 = Release|Any CPU
		{5A409E43-96F7-45EE-92C5-8A1D6266E691}.Debug|Any CPU.ActiveCfg = Debug|Any CPU
		{5A409E43-96F7-45EE-92C5-8A1D6266E691}.Debug|Any CPU.Build.0 = Debug|Any CPU
		{5A409E43-96F7-45EE-92C5-8A1D6266E691}.Release|Any CPU.ActiveCfg = Release|Any CPU
		{5A409E43-96F7-45EE-92C5-8A1D6266E691}.Release|Any CPU.Build.0 = Release|Any CPU
	EndGlobalSection
	GlobalSection(SolutionProperties) = preSolution
		HideSolutionNode = FALSE
	EndGlobalSection
	GlobalSection(ExtensibilityGlobals) = postSolution
		SolutionGuid = {DC0C7250-968E-4797-A59C-EC3D4414D0C3}
	EndGlobalSection
EndGlobal
